
Microsoft Visual Studio Solution File, Format Version 12.00
# Visual Studio Version 17
VisualStudioVersion = 17.5.002.0
MinimumVisualStudioVersion = 10.0.40219.1
Project("{9A19103F-16F7-4668-BE54-9A1E7A4F7556}") = "BUSAPI", "BUSAPI.csproj", "{B296533A-070D-4D79-BA6A-74A8B3CA0929}"
EndProject
Global
	GlobalSection(SolutionConfigurationPlatforms) = preSolution
		Debug|Any CPU = Debug|Any CPU
		Release|Any CPU = Release|Any CPU
	EndGlobalSection
	GlobalSection(ProjectConfigurationPlatforms) = postSolution
		{B296533A-070D-4D79-BA6A-74A8B3CA0929}.Debug|Any CPU.ActiveCfg = Debug|Any CPU
		{B296533A-070D-4D79-BA6A-74A8B3CA0929}.Debug|Any CPU.Build.0 = Debug|Any CPU
		{B296533A-070D-4D79-BA6A-74A8B3CA0929}.Release|Any CPU.ActiveCfg = Release|Any CPU
		{B296533A-070D-4D79-BA6A-74A8B3CA0929}.Release|Any CPU.Build.0 = Release|Any CPU
	EndGlobalSection
	GlobalSection(SolutionProperties) = preSolution
		HideSolutionNode = FALSE
	EndGlobalSection
	GlobalSection(ExtensibilityGlobals) = postSolution
		SolutionGuid = {90057390-D560-472C-ADF0-E1C444BCF198}
	EndGlobalSection
EndGlobal
